
Microsoft Visual Studio Solution File, Format Version 12.00
# Visual Studio Version 16
VisualStudioVersion = 16.0.31005.135
MinimumVisualStudioVersion = 10.0.40219.1
Project("{FAE04EC0-301F-11D3-BF4B-00C04F79EFBC}") = "YurtKayitSistemi", "YurtKayitSistemi\YurtKayitSistemi.csproj", "{CC1DB155-97F9-48F8-A597-6C8C24A2CA4E}"
EndProject
Global
	GlobalSection(SolutionConfigurationPlatforms) = preSolution
		Debug|Any CPU = Debug|Any CPU
		Release|Any CPU = Release|Any CPU
	EndGlobalSection
	GlobalSection(ProjectConfigurationPlatforms) = postSolution
		{CC1DB155-97F9-48F8-A597-6C8C24A2CA4E}.Debug|Any CPU.ActiveCfg = Debug|Any CPU
		{CC1DB155-97F9-48F8-A597-6C8C24A2CA4E}.Debug|Any CPU.Build.0 = Debug|Any CPU
		{CC1DB155-97F9-48F8-A597-6C8C24A2CA4E}.Release|Any CPU.ActiveCfg = Release|Any CPU
		{CC1DB155-97F9-48F8-A597-6C8C24A2CA4E}.Release|Any CPU.Build.0 = Release|Any CPU
	EndGlobalSection
	GlobalSection(SolutionProperties) = preSolution
		HideSolutionNode = FALSE
	EndGlobalSection
	GlobalSection(ExtensibilityGlobals) = postSolution
		SolutionGuid = {7CB1A8A2-655F-4636-B7A8-AEAC737D41FA}
	EndGlobalSection
EndGlobal
